
Microsoft Visual Studio Solution File, Format Version 12.00
# Visual Studio Version 17
VisualStudioVersion = 17.12.35527.113 d17.12
MinimumVisualStudioVersion = 10.0.40219.1
Project("{FAE04EC0-301F-11D3-BF4B-00C04F79EFBC}") = "Aria", "Aria.csproj", "{69C5F5F9-75A5-414E-8A9F-8C349803B34D}"
EndProject
Global
	GlobalSection(SolutionConfigurationPlatforms) = preSolution
		Debug|Any CPU = Debug|Any CPU
		Release|Any CPU = Release|Any CPU
	EndGlobalSection
	GlobalSection(ProjectConfigurationPlatforms) = postSolution
		{69C5F5F9-75A5-414E-8A9F-8C349803B34D}.Debug|Any CPU.ActiveCfg = Debug|Any CPU
		{69C5F5F9-75A5-414E-8A9F-8C349803B34D}.Debug|Any CPU.Build.0 = Debug|Any CPU
		{69C5F5F9-75A5-414E-8A9F-8C349803B34D}.Release|Any CPU.ActiveCfg = Release|Any CPU
		{69C5F5F9-75A5-414E-8A9F-8C349803B34D}.Release|Any CPU.Build.0 = Release|Any CPU
	EndGlobalSection
	GlobalSection(SolutionProperties) = preSolution
		HideSolutionNode = FALSE
	EndGlobalSection
EndGlobal
